// !$*UTF8*$!
{
	archiveVersion = 1;
	classes = {
	};
	objectVersion = 50;
	objects = {

/* Begin PBXBuildFile section */
		127B01CD2211B6DB007580C9 /* AppDelegate.swift in Sources */ = {isa = PBXBuildFile; fileRef = 127B01CC2211B6DB007580C9 /* AppDelegate.swift */; };
		127B01D22211B6DB007580C9 /* Main.storyboard in Resources */ = {isa = PBXBuildFile; fileRef = 127B01D02211B6DB007580C9 /* Main.storyboard */; };
		127B01D42211B6DC007580C9 /* Assets.xcassets in Resources */ = {isa = PBXBuildFile; fileRef = 127B01D32211B6DC007580C9 /* Assets.xcassets */; };
		127B01D72211B6DC007580C9 /* LaunchScreen.storyboard in Resources */ = {isa = PBXBuildFile; fileRef = 127B01D52211B6DC007580C9 /* LaunchScreen.storyboard */; };
		127B01DF2211E8EF007580C9 /* Constants.swift in Sources */ = {isa = PBXBuildFile; fileRef = 127B01DE2211E8EF007580C9 /* Constants.swift */; };
		127B01E12211E9EF007580C9 /* NexmoClientExtensions.swift in Sources */ = {isa = PBXBuildFile; fileRef = 127B01E02211E9EF007580C9 /* NexmoClientExtensions.swift */; };
		127B01E32211EA2B007580C9 /* MainViewController.swift in Sources */ = {isa = PBXBuildFile; fileRef = 127B01E22211EA2B007580C9 /* MainViewController.swift */; };
		127B01E52211EA43007580C9 /* MainViewController+Interface.swift in Sources */ = {isa = PBXBuildFile; fileRef = 127B01E42211EA43007580C9 /* MainViewController+Interface.swift */; };
		6DDC2C9E8C277E675075C625 /* Pods_GetStartedPhoneToApp.framework in Frameworks */ = {isa = PBXBuildFile; fileRef = 6F578829BBB3524CB74EBBA5 /* Pods_GetStartedPhoneToApp.framework */; };
/* End PBXBuildFile section */

/* Begin PBXFileReference section */
		0B7F0DC203154DA14140B466 /* Pods-GetStartedPhoneToApp.release.xcconfig */ = {isa = PBXFileReference; includeInIndex = 1; lastKnownFileType = text.xcconfig; name = "Pods-GetStartedPhoneToApp.release.xcconfig"; path = "Pods/Target Support Files/Pods-GetStartedPhoneToApp/Pods-GetStartedPhoneToApp.release.xcconfig"; sourceTree = "<group>"; };
		127B01C92211B6DB007580C9 /* GetStartedPhoneToApp.app */ = {isa = PBXFileReference; explicitFileType = wrapper.application; includeInIndex = 0; path = GetStartedPhoneToApp.app; sourceTree = BUILT_PRODUCTS_DIR; };
		127B01CC2211B6DB007580C9 /* AppDelegate.swift */ = {isa = PBXFileReference; lastKnownFileType = sourcecode.swift; path = AppDelegate.swift; sourceTree = "<group>"; };
		127B01D12211B6DB007580C9 /* Base */ = {isa = PBXFileReference; lastKnownFileType = file.storyboard; name = Base; path = Base.lproj/Main.storyboard; sourceTree = "<group>"; };
		127B01D32211B6DC007580C9 /* Assets.xcassets */ = {isa = PBXFileReference; lastKnownFileType = folder.assetcatalog; path = Assets.xcassets; sourceTree = "<group>"; };
		127B01D62211B6DC007580C9 /* Base */ = {isa = PBXFileReference; lastKnownFileType = file.storyboard; name = Base; path = Base.lproj/LaunchScreen.storyboard; sourceTree = "<group>"; };
		127B01D82211B6DC007580C9 /* Info.plist */ = {isa = PBXFileReference; lastKnownFileType = text.plist.xml; path = Info.plist; sourceTree = "<group>"; };
		127B01DE2211E8EF007580C9 /* Constants.swift */ = {isa = PBXFileReference; lastKnownFileType = sourcecode.swift; path = Constants.swift; sourceTree = "<group>"; };
		127B01E02211E9EF007580C9 /* NexmoClientExtensions.swift */ = {isa = PBXFileReference; lastKnownFileType = sourcecode.swift; path = NexmoClientExtensions.swift; sourceTree = "<group>"; };
		127B01E22211EA2B007580C9 /* MainViewController.swift */ = {isa = PBXFileReference; lastKnownFileType = sourcecode.swift; path = MainViewController.swift; sourceTree = "<group>"; };
		127B01E42211EA43007580C9 /* MainViewController+Interface.swift */ = {isa = PBXFileReference; lastKnownFileType = sourcecode.swift; path = "MainViewController+Interface.swift"; sourceTree = "<group>"; };
		6F578829BBB3524CB74EBBA5 /* Pods_GetStartedPhoneToApp.framework */ = {isa = PBXFileReference; explicitFileType = wrapper.framework; includeInIndex = 0; path = Pods_GetStartedPhoneToApp.framework; sourceTree = BUILT_PRODUCTS_DIR; };
		A87A40A59365B442F52F131E /* Pods-GetStartedPhoneToApp.debug.xcconfig */ = {isa = PBXFileReference; includeInIndex = 1; lastKnownFileType = text.xcconfig; name = "Pods-GetStartedPhoneToApp.debug.xcconfig"; path = "Pods/Target Support Files/Pods-GetStartedPhoneToApp/Pods-GetStartedPhoneToApp.debug.xcconfig"; sourceTree = "<group>"; };
/* End PBXFileReference section */

/* Begin PBXFrameworksBuildPhase section */
		127B01C62211B6DB007580C9 /* Frameworks */ = {
			isa = PBXFrameworksBuildPhase;
			buildActionMask = 2147483647;
			files = (
				6DDC2C9E8C277E675075C625 /* Pods_GetStartedPhoneToApp.framework in Frameworks */,
			);
			runOnlyForDeploymentPostprocessing = 0;
		};
/* End PBXFrameworksBuildPhase section */

/* Begin PBXGroup section */
		127B01C02211B6DB007580C9 = {
			isa = PBXGroup;
			children = (
				127B01CB2211B6DB007580C9 /* GetStartedPhoneToApp */,
				127B01CA2211B6DB007580C9 /* Products */,
				5D70E6B7DE1D73473CE47C9B /* Pods */,
				F3894F9E9AFF4DF64E0AE676 /* Frameworks */,
			);
			sourceTree = "<group>";
		};
		127B01CA2211B6DB007580C9 /* Products */ = {
			isa = PBXGroup;
			children = (
				127B01C92211B6DB007580C9 /* GetStartedPhoneToApp.app */,
			);
			name = Products;
			sourceTree = "<group>";
		};
		127B01CB2211B6DB007580C9 /* GetStartedPhoneToApp */ = {
			isa = PBXGroup;
			children = (
				127B01D82211B6DC007580C9 /* Info.plist */,
				127B01D32211B6DC007580C9 /* Assets.xcassets */,
				127B01D52211B6DC007580C9 /* LaunchScreen.storyboard */,
				127B01CC2211B6DB007580C9 /* AppDelegate.swift */,
				127B01D02211B6DB007580C9 /* Main.storyboard */,
				127B01DE2211E8EF007580C9 /* Constants.swift */,
				127B01E02211E9EF007580C9 /* NexmoClientExtensions.swift */,
				127B01E22211EA2B007580C9 /* MainViewController.swift */,
				127B01E42211EA43007580C9 /* MainViewController+Interface.swift */,
			);
			path = GetStartedPhoneToApp;
			sourceTree = "<group>";
		};
		5D70E6B7DE1D73473CE47C9B /* Pods */ = {
			isa = PBXGroup;
			children = (
				A87A40A59365B442F52F131E /* Pods-GetStartedPhoneToApp.debug.xcconfig */,
				0B7F0DC203154DA14140B466 /* Pods-GetStartedPhoneToApp.release.xcconfig */,
			);
			name = Pods;
			sourceTree = "<group>";
		};
		F3894F9E9AFF4DF64E0AE676 /* Frameworks */ = {
			isa = PBXGroup;
			children = (
				6F578829BBB3524CB74EBBA5 /* Pods_GetStartedPhoneToApp.framework */,
			);
			name = Frameworks;
			sourceTree = "<group>";
		};
/* End PBXGroup section */

/* Begin PBXNativeTarget section */
		127B01C82211B6DB007580C9 /* GetStartedPhoneToApp */ = {
			isa = PBXNativeTarget;
			buildConfigurationList = 127B01DB2211B6DC007580C9 /* Build configuration list for PBXNativeTarget "GetStartedPhoneToApp" */;
			buildPhases = (
				03548FA28A3A5FFFCE0498D4 /* [CP] Check Pods Manifest.lock */,
				127B01C52211B6DB007580C9 /* Sources */,
				127B01C62211B6DB007580C9 /* Frameworks */,
				127B01C72211B6DB007580C9 /* Resources */,
				3BD957A6B7113BE0FA5911EA /* [CP] Embed Pods Frameworks */,
			);
			buildRules = (
			);
			dependencies = (
			);
			name = GetStartedPhoneToApp;
			productName = GetStartedPhoneToApp;
			productReference = 127B01C92211B6DB007580C9 /* GetStartedPhoneToApp.app */;
			productType = "com.apple.product-type.application";
		};
/* End PBXNativeTarget section */

/* Begin PBXProject section */
		127B01C12211B6DB007580C9 /* Project object */ = {
			isa = PBXProject;
			attributes = {
				LastSwiftUpdateCheck = 1010;
				LastUpgradeCheck = 1010;
				ORGANIZATIONNAME = Nexmo;
				TargetAttributes = {
					127B01C82211B6DB007580C9 = {
						CreatedOnToolsVersion = 10.1;
					};
				};
			};
			buildConfigurationList = 127B01C42211B6DB007580C9 /* Build configuration list for PBXProject "GetStartedPhoneToApp" */;
			compatibilityVersion = "Xcode 9.3";
			developmentRegion = en;
			hasScannedForEncodings = 0;
			knownRegions = (
				en,
				Base,
			);
			mainGroup = 127B01C02211B6DB007580C9;
			productRefGroup = 127B01CA2211B6DB007580C9 /* Products */;
			projectDirPath = "";
			projectRoot = "";
			targets = (
				127B01C82211B6DB007580C9 /* GetStartedPhoneToApp */,
			);
		};
/* End PBXProject section */

/* Begin PBXResourcesBuildPhase section */
		127B01C72211B6DB007580C9 /* Resources */ = {
			isa = PBXResourcesBuildPhase;
			buildActionMask = 2147483647;
			files = (
				127B01D72211B6DC007580C9 /* LaunchScreen.storyboard in Resources */,
				127B01D42211B6DC007580C9 /* Assets.xcassets in Resources */,
				127B01D22211B6DB007580C9 /* Main.storyboard in Resources */,
			);
			runOnlyForDeploymentPostprocessing = 0;
		};
/* End PBXResourcesBuildPhase section */

/* Begin PBXShellScriptBuildPhase section */
		03548FA28A3A5FFFCE0498D4 /* [CP] Check Pods Manifest.lock */ = {
			isa = PBXShellScriptBuildPhase;
			buildActionMask = 2147483647;
			files = (
			);
			inputFileListPaths = (
			);
			inputPaths = (
				"${PODS_PODFILE_DIR_PATH}/Podfile.lock",
				"${PODS_ROOT}/Manifest.lock",
			);
			name = "[CP] Check Pods Manifest.lock";
			outputFileListPaths = (
			);
			outputPaths = (
				"$(DERIVED_FILE_DIR)/Pods-GetStartedPhoneToApp-checkManifestLockResult.txt",
			);
			runOnlyForDeploymentPostprocessing = 0;
			shellPath = /bin/sh;
			shellScript = "diff \"${PODS_PODFILE_DIR_PATH}/Podfile.lock\" \"${PODS_ROOT}/Manifest.lock\" > /dev/null\nif [ $? != 0 ] ; then\n    # print error to STDERR\n    echo \"error: The sandbox is not in sync with the Podfile.lock. Run 'pod install' or update your CocoaPods installation.\" >&2\n    exit 1\nfi\n# This output is used by Xcode 'outputs' to avoid re-running this script phase.\necho \"SUCCESS\" > \"${SCRIPT_OUTPUT_FILE_0}\"\n";
			showEnvVarsInLog = 0;
		};
		3BD957A6B7113BE0FA5911EA /* [CP] Embed Pods Frameworks */ = {
			isa = PBXShellScriptBuildPhase;
			buildActionMask = 2147483647;
			files = (
			);
			inputFileListPaths = (
				"${PODS_ROOT}/Target Support Files/Pods-GetStartedPhoneToApp/Pods-GetStartedPhoneToApp-frameworks-${CONFIGURATION}-input-files.xcfilelist",
			);
			name = "[CP] Embed Pods Frameworks";
			outputFileListPaths = (
				"${PODS_ROOT}/Target Support Files/Pods-GetStartedPhoneToApp/Pods-GetStartedPhoneToApp-frameworks-${CONFIGURATION}-output-files.xcfilelist",
			);
			runOnlyForDeploymentPostprocessing = 0;
			shellPath = /bin/sh;
			shellScript = "\"${PODS_ROOT}/Target Support Files/Pods-GetStartedPhoneToApp/Pods-GetStartedPhoneToApp-frameworks.sh\"\n";
			showEnvVarsInLog = 0;
		};
/* End PBXShellScriptBuildPhase section */

/* Begin PBXSourcesBuildPhase section */
		127B01C52211B6DB007580C9 /* Sources */ = {
			isa = PBXSourcesBuildPhase;
			buildActionMask = 2147483647;
			files = (
				127B01E12211E9EF007580C9 /* NexmoClientExtensions.swift in Sources */,
				127B01CD2211B6DB007580C9 /* AppDelegate.swift in Sources */,
				127B01E52211EA43007580C9 /* MainViewController+Interface.swift in Sources */,
				127B01DF2211E8EF007580C9 /* Constants.swift in Sources */,
				127B01E32211EA2B007580C9 /* MainViewController.swift in Sources */,
			);
			runOnlyForDeploymentPostprocessing = 0;
		};
/* End PBXSourcesBuildPhase section */

/* Begin PBXVariantGroup section */
		127B01D02211B6DB007580C9 /* Main.storyboard */ = {
			isa = PBXVariantGroup;
			children = (
				127B01D12211B6DB007580C9 /* Base */,
			);
			name = Main.storyboard;
			sourceTree = "<group>";
		};
		127B01D52211B6DC007580C9 /* LaunchScreen.storyboard */ = {
			isa = PBXVariantGroup;
			children = (
				127B01D62211B6DC007580C9 /* Base */,
			);
			name = LaunchScreen.storyboard;
			sourceTree = "<group>";
		};
/* End PBXVariantGroup section */

/* Begin XCBuildConfiguration section */
		127B01D92211B6DC007580C9 /* Debug */ = {
			isa = XCBuildConfiguration;
			buildSettings = {
				ALWAYS_SEARCH_USER_PATHS = NO;
				CLANG_ANALYZER_NONNULL = YES;
				CLANG_ANALYZER_NUMBER_OBJECT_CONVERSION = YES_AGGRESSIVE;
				CLANG_CXX_LANGUAGE_STANDARD = "gnu++14";
				CLANG_CXX_LIBRARY = "libc++";
				CLANG_ENABLE_MODULES = YES;
				CLANG_ENABLE_OBJC_ARC = YES;
				CLANG_ENABLE_OBJC_WEAK = YES;
				CLANG_WARN_BLOCK_CAPTURE_AUTORELEASING = YES;
				CLANG_WARN_BOOL_CONVERSION = YES;
				CLANG_WARN_COMMA = YES;
				CLANG_WARN_CONSTANT_CONVERSION = YES;
				CLANG_WARN_DEPRECATED_OBJC_IMPLEMENTATIONS = YES;
				CLANG_WARN_DIRECT_OBJC_ISA_USAGE = YES_ERROR;
				CLANG_WARN_DOCUMENTATION_COMMENTS = YES;
				CLANG_WARN_EMPTY_BODY = YES;
				CLANG_WARN_ENUM_CONVERSION = YES;
				CLANG_WARN_INFINITE_RECURSION = YES;
				CLANG_WARN_INT_CONVERSION = YES;
				CLANG_WARN_NON_LITERAL_NULL_CONVERSION = YES;
				CLANG_WARN_OBJC_IMPLICIT_RETAIN_SELF = YES;
				CLANG_WARN_OBJC_LITERAL_CONVERSION = YES;
				CLANG_WARN_OBJC_ROOT_CLASS = YES_ERROR;
				CLANG_WARN_RANGE_LOOP_ANALYSIS = YES;
				CLANG_WARN_STRICT_PROTOTYPES = YES;
				CLANG_WARN_SUSPICIOUS_MOVE = YES;
				CLANG_WARN_UNGUARDED_AVAILABILITY = YES_AGGRESSIVE;
				CLANG_WARN_UNREACHABLE_CODE = YES;
				CLANG_WARN__DUPLICATE_METHOD_MATCH = YES;
				CODE_SIGN_IDENTITY = "iPhone Developer";
				COPY_PHASE_STRIP = NO;
				DEBUG_INFORMATION_FORMAT = dwarf;
				ENABLE_STRICT_OBJC_MSGSEND = YES;
				ENABLE_TESTABILITY = YES;
				GCC_C_LANGUAGE_STANDARD = gnu11;
				GCC_DYNAMIC_NO_PIC = NO;
				GCC_NO_COMMON_BLOCKS = YES;
				GCC_OPTIMIZATION_LEVEL = 0;
				GCC_PREPROCESSOR_DEFINITIONS = (
					"DEBUG=1",
					"$(inherited)",
				);
				GCC_WARN_64_TO_32_BIT_CONVERSION = YES;
				GCC_WARN_ABOUT_RETURN_TYPE = YES_ERROR;
				GCC_WARN_UNDECLARED_SELECTOR = YES;
				GCC_WARN_UNINITIALIZED_AUTOS = YES_AGGRESSIVE;
				GCC_WARN_UNUSED_FUNCTION = YES;
				GCC_WARN_UNUSED_VARIABLE = YES;
				IPHONEOS_DEPLOYMENT_TARGET = 12.1;
				MTL_ENABLE_DEBUG_INFO = INCLUDE_SOURCE;
				MTL_FAST_MATH = YES;
				ONLY_ACTIVE_ARCH = YES;
				SDKROOT = iphoneos;
				SWIFT_ACTIVE_COMPILATION_CONDITIONS = DEBUG;
				SWIFT_OPTIMIZATION_LEVEL = "-Onone";
			};
			name = Debug;
		};
		127B01DA2211B6DC007580C9 /* Release */ = {
			isa = XCBuildConfiguration;
			buildSettings = {
				ALWAYS_SEARCH_USER_PATHS = NO;
				CLANG_ANALYZER_NONNULL = YES;
				CLANG_ANALYZER_NUMBER_OBJECT_CONVERSION = YES_AGGRESSIVE;
				CLANG_CXX_LANGUAGE_STANDARD = "gnu++14";
				CLANG_CXX_LIBRARY = "libc++";
				CLANG_ENABLE_MODULES = YES;
				CLANG_ENABLE_OBJC_ARC = YES;
				CLANG_ENABLE_OBJC_WEAK = YES;
				CLANG_WARN_BLOCK_CAPTURE_AUTORELEASING = YES;
				CLANG_WARN_BOOL_CONVERSION = YES;
				CLANG_WARN_COMMA = YES;
				CLANG_WARN_CONSTANT_CONVERSION = YES;
				CLANG_WARN_DEPRECATED_OBJC_IMPLEMENTATIONS = YES;
				CLANG_WARN_DIRECT_OBJC_ISA_USAGE = YES_ERROR;
				CLANG_WARN_DOCUMENTATION_COMMENTS = YES;
				CLANG_WARN_EMPTY_BODY = YES;
				CLANG_WARN_ENUM_CONVERSION = YES;
				CLANG_WARN_INFINITE_RECURSION = YES;
				CLANG_WARN_INT_CONVERSION = YES;
				CLANG_WARN_NON_LITERAL_NULL_CONVERSION = YES;
				CLANG_WARN_OBJC_IMPLICIT_RETAIN_SELF = YES;
				CLANG_WARN_OBJC_LITERAL_CONVERSION = YES;
				CLANG_WARN_OBJC_ROOT_CLASS = YES_ERROR;
				CLANG_WARN_RANGE_LOOP_ANALYSIS = YES;
				CLANG_WARN_STRICT_PROTOTYPES = YES;
				CLANG_WARN_SUSPICIOUS_MOVE = YES;
				CLANG_WARN_UNGUARDED_AVAILABILITY = YES_AGGRESSIVE;
				CLANG_WARN_UNREACHABLE_CODE = YES;
				CLANG_WARN__DUPLICATE_METHOD_MATCH = YES;
				CODE_SIGN_IDENTITY = "iPhone Developer";
				COPY_PHASE_STRIP = NO;
				DEBUG_INFORMATION_FORMAT = "dwarf-with-dsym";
				ENABLE_NS_ASSERTIONS = NO;
				ENABLE_STRICT_OBJC_MSGSEND = YES;
				GCC_C_LANGUAGE_STANDARD = gnu11;
				GCC_NO_COMMON_BLOCKS = YES;
				GCC_WARN_64_TO_32_BIT_CONVERSION = YES;
				GCC_WARN_ABOUT_RETURN_TYPE = YES_ERROR;
				GCC_WARN_UNDECLARED_SELECTOR = YES;
				GCC_WARN_UNINITIALIZED_AUTOS = YES_AGGRESSIVE;
				GCC_WARN_UNUSED_FUNCTION = YES;
				GCC_WARN_UNUSED_VARIABLE = YES;
				IPHONEOS_DEPLOYMENT_TARGET = 12.1;
				MTL_ENABLE_DEBUG_INFO = NO;
				MTL_FAST_MATH = YES;
				SDKROOT = iphoneos;
				SWIFT_COMPILATION_MODE = wholemodule;
				SWIFT_OPTIMIZATION_LEVEL = "-O";
				VALIDATE_PRODUCT = YES;
			};
			name = Release;
		};
		127B01DC2211B6DC007580C9 /* Debug */ = {
			isa = XCBuildConfiguration;
			baseConfigurationReference = A87A40A59365B442F52F131E /* Pods-GetStartedPhoneToApp.debug.xcconfig */;
			buildSettings = {
				ASSETCATALOG_COMPILER_APPICON_NAME = AppIcon;
				CODE_SIGN_STYLE = Automatic;
				INFOPLIST_FILE = GetStartedPhoneToApp/Info.plist;
				LD_RUNPATH_SEARCH_PATHS = (
					"$(inherited)",
					"@executable_path/Frameworks",
				);
				PRODUCT_BUNDLE_IDENTIFIER = com.nexmo.GetStartedPhoneToApp;
				PRODUCT_NAME = "$(TARGET_NAME)";
				SWIFT_VERSION = 4.2;
				TARGETED_DEVICE_FAMILY = "1,2";
			};
			name = Debug;
		};
		127B01DD2211B6DC007580C9 /* Release */ = {
			isa = XCBuildConfiguration;
			baseConfigurationReference = 0B7F0DC203154DA14140B466 /* Pods-GetStartedPhoneToApp.release.xcconfig */;
			buildSettings = {
				ASSETCATALOG_COMPILER_APPICON_NAME = AppIcon;
				CODE_SIGN_STYLE = Automatic;
				INFOPLIST_FILE = GetStartedPhoneToApp/Info.plist;
				LD_RUNPATH_SEARCH_PATHS = (
					"$(inherited)",
					"@executable_path/Frameworks",
				);
				PRODUCT_BUNDLE_IDENTIFIER = com.nexmo.GetStartedPhoneToApp;
				PRODUCT_NAME = "$(TARGET_NAME)";
				SWIFT_VERSION = 4.2;
				TARGETED_DEVICE_FAMILY = "1,2";
			};
			name = Release;
		};
/* End XCBuildConfiguration section */

/* Begin XCConfigurationList section */
		127B01C42211B6DB007580C9 /* Build configuration list for PBXProject "GetStartedPhoneToApp" */ = {
			isa = XCConfigurationList;
			buildConfigurations = (
				127B01D92211B6DC007580C9 /* Debug */,
				127B01DA2211B6DC007580C9 /* Release */,
			);
			defaultConfigurationIsVisible = 0;
			defaultConfigurationName = Release;
		};
		127B01DB2211B6DC007580C9 /* Build configuration list for PBXNativeTarget "GetStartedPhoneToApp" */ = {
			isa = XCConfigurationList;
			buildConfigurations = (
				127B01DC2211B6DC007580C9 /* Debug */,
				127B01DD2211B6DC007580C9 /* Release */,
			);
			defaultConfigurationIsVisible = 0;
			defaultConfigurationName = Release;
		};
/* End XCConfigurationList section */
	};
	rootObject = 127B01C12211B6DB007580C9 /* Project object */;
}
